// !$*UTF8*$!
{
	archiveVersion = 1;
	classes = {
	};
	objectVersion = 46;
	objects = {

/* Begin PBXBuildFile section */
		9CCD089F1B14E4C9006FE60D /* AppDelegate.swift in Sources */ = {isa = PBXBuildFile; fileRef = 9CCD089E1B14E4C9006FE60D /* AppDelegate.swift */; };
		9CCD08A21B14E4C9006FE60D /* Carly.xcdatamodeld in Sources */ = {isa = PBXBuildFile; fileRef = 9CCD08A01B14E4C9006FE60D /* Carly.xcdatamodeld */; };
		9CCD08A91B14E4C9006FE60D /* Main.storyboard in Resources */ = {isa = PBXBuildFile; fileRef = 9CCD08A71B14E4C9006FE60D /* Main.storyboard */; };
		9CCD08AB1B14E4C9006FE60D /* Images.xcassets in Resources */ = {isa = PBXBuildFile; fileRef = 9CCD08AA1B14E4C9006FE60D /* Images.xcassets */; };
		9CCD08AE1B14E4C9006FE60D /* LaunchScreen.xib in Resources */ = {isa = PBXBuildFile; fileRef = 9CCD08AC1B14E4C9006FE60D /* LaunchScreen.xib */; };
		9CCD08BA1B14E4C9006FE60D /* CarlyTests.swift in Sources */ = {isa = PBXBuildFile; fileRef = 9CCD08B91B14E4C9006FE60D /* CarlyTests.swift */; };
		9CCD08D11B14EC48006FE60D /* MainViewController.swift in Sources */ = {isa = PBXBuildFile; fileRef = 9CCD08C61B14EC48006FE60D /* MainViewController.swift */; };
		9CCD08D21B14EC48006FE60D /* Settings.swift in Sources */ = {isa = PBXBuildFile; fileRef = 9CCD08C71B14EC48006FE60D /* Settings.swift */; };
		9CCD08D31B14EC48006FE60D /* SignupViewController.swift in Sources */ = {isa = PBXBuildFile; fileRef = 9CCD08C81B14EC48006FE60D /* SignupViewController.swift */; };
		9CCD08D41B14EC48006FE60D /* Users.swift in Sources */ = {isa = PBXBuildFile; fileRef = 9CCD08C91B14EC48006FE60D /* Users.swift */; };
		9CCD08D51B14EC48006FE60D /* UsersAPI.swift in Sources */ = {isa = PBXBuildFile; fileRef = 9CCD08CA1B14EC48006FE60D /* UsersAPI.swift */; };
		9CCD08D61B14EC48006FE60D /* welcome00.png in Resources */ = {isa = PBXBuildFile; fileRef = 9CCD08CB1B14EC48006FE60D /* welcome00.png */; };
		9CCD08D71B14EC48006FE60D /* welcome01.png in Resources */ = {isa = PBXBuildFile; fileRef = 9CCD08CC1B14EC48006FE60D /* welcome01.png */; };
		9CCD08D81B14EC48006FE60D /* welcome02.png in Resources */ = {isa = PBXBuildFile; fileRef = 9CCD08CD1B14EC48006FE60D /* welcome02.png */; };
		9CCD08D91B14EC48006FE60D /* welcome03.png in Resources */ = {isa = PBXBuildFile; fileRef = 9CCD08CE1B14EC48006FE60D /* welcome03.png */; };
		9CCD08DA1B14EC48006FE60D /* welcome04.png in Resources */ = {isa = PBXBuildFile; fileRef = 9CCD08CF1B14EC48006FE60D /* welcome04.png */; };
		9CCD08DB1B14EC48006FE60D /* WelcomeViewController.swift in Sources */ = {isa = PBXBuildFile; fileRef = 9CCD08D01B14EC48006FE60D /* WelcomeViewController.swift */; };
		9CCD08E41B14ED18006FE60D /* carly_splash.png in Resources */ = {isa = PBXBuildFile; fileRef = 9CCD08DD1B14ED18006FE60D /* carly_splash.png */; };
		9CCD08E51B14ED18006FE60D /* carly_title.png in Resources */ = {isa = PBXBuildFile; fileRef = 9CCD08DE1B14ED18006FE60D /* carly_title.png */; };
		9CCD08E61B14ED18006FE60D /* CarlySegues.swift in Sources */ = {isa = PBXBuildFile; fileRef = 9CCD08DF1B14ED18006FE60D /* CarlySegues.swift */; };
		9CCD08E71B14ED18006FE60D /* ContentViewController.swift in Sources */ = {isa = PBXBuildFile; fileRef = 9CCD08E01B14ED18006FE60D /* ContentViewController.swift */; };
		9CCD08E81B14ED18006FE60D /* CoreDataStack.swift in Sources */ = {isa = PBXBuildFile; fileRef = 9CCD08E11B14ED18006FE60D /* CoreDataStack.swift */; };
		9CCD08E91B14ED18006FE60D /* gradient_whitebottom.png in Resources */ = {isa = PBXBuildFile; fileRef = 9CCD08E21B14ED18006FE60D /* gradient_whitebottom.png */; };
		9CCD08EA1B14ED18006FE60D /* LoginViewController.swift in Sources */ = {isa = PBXBuildFile; fileRef = 9CCD08E31B14ED18006FE60D /* LoginViewController.swift */; };
		9CCD08FB1B14F1FB006FE60D /* carly-icon_29.png in Resources */ = {isa = PBXBuildFile; fileRef = 9CCD08EF1B14F1FB006FE60D /* carly-icon_29.png */; };
		9CCD08FC1B14F1FB006FE60D /* carly-icon_40.png in Resources */ = {isa = PBXBuildFile; fileRef = 9CCD08F01B14F1FB006FE60D /* carly-icon_40.png */; };
		9CCD08FD1B14F1FB006FE60D /* carly-icon_58-1.png in Resources */ = {isa = PBXBuildFile; fileRef = 9CCD08F11B14F1FB006FE60D /* carly-icon_58-1.png */; };
		9CCD08FE1B14F1FB006FE60D /* carly-icon_58.png in Resources */ = {isa = PBXBuildFile; fileRef = 9CCD08F21B14F1FB006FE60D /* carly-icon_58.png */; };
		9CCD08FF1B14F1FB006FE60D /* carly-icon_76.png in Resources */ = {isa = PBXBuildFile; fileRef = 9CCD08F31B14F1FB006FE60D /* carly-icon_76.png */; };
		9CCD09001B14F1FB006FE60D /* carly-icon_80-1.png in Resources */ = {isa = PBXBuildFile; fileRef = 9CCD08F41B14F1FB006FE60D /* carly-icon_80-1.png */; };
		9CCD09011B14F1FB006FE60D /* carly-icon_80.png in Resources */ = {isa = PBXBuildFile; fileRef = 9CCD08F51B14F1FB006FE60D /* carly-icon_80.png */; };
		9CCD09021B14F1FB006FE60D /* carly-icon_87.png in Resources */ = {isa = PBXBuildFile; fileRef = 9CCD08F61B14F1FB006FE60D /* carly-icon_87.png */; };
		9CCD09031B14F1FB006FE60D /* carly-icon_120-1.png in Resources */ = {isa = PBXBuildFile; fileRef = 9CCD08F71B14F1FB006FE60D /* carly-icon_120-1.png */; };
		9CCD09041B14F1FB006FE60D /* carly-icon_120.png in Resources */ = {isa = PBXBuildFile; fileRef = 9CCD08F81B14F1FB006FE60D /* carly-icon_120.png */; };
		9CCD09051B14F1FB006FE60D /* carly-icon_152.png in Resources */ = {isa = PBXBuildFile; fileRef = 9CCD08F91B14F1FB006FE60D /* carly-icon_152.png */; };
		9CCD09061B14F1FB006FE60D /* carly-icon_180.png in Resources */ = {isa = PBXBuildFile; fileRef = 9CCD08FA1B14F1FB006FE60D /* carly-icon_180.png */; };
/* End PBXBuildFile section */

/* Begin PBXContainerItemProxy section */
		9CCD08B41B14E4C9006FE60D /* PBXContainerItemProxy */ = {
			isa = PBXContainerItemProxy;
			containerPortal = 9CCD08911B14E4C9006FE60D /* Project object */;
			proxyType = 1;
			remoteGlobalIDString = 9CCD08981B14E4C9006FE60D;
			remoteInfo = Carly;
		};
/* End PBXContainerItemProxy section */

/* Begin PBXFileReference section */
		9CCD08991B14E4C9006FE60D /* Carly.app */ = {isa = PBXFileReference; explicitFileType = wrapper.application; includeInIndex = 0; path = Carly.app; sourceTree = BUILT_PRODUCTS_DIR; };
		9CCD089D1B14E4C9006FE60D /* Info.plist */ = {isa = PBXFileReference; lastKnownFileType = text.plist.xml; path = Info.plist; sourceTree = "<group>"; };
		9CCD089E1B14E4C9006FE60D /* AppDelegate.swift */ = {isa = PBXFileReference; lastKnownFileType = sourcecode.swift; path = AppDelegate.swift; sourceTree = "<group>"; };
		9CCD08A11B14E4C9006FE60D /* Carly.xcdatamodel */ = {isa = PBXFileReference; lastKnownFileType = wrapper.xcdatamodel; path = Carly.xcdatamodel; sourceTree = "<group>"; };
		9CCD08A81B14E4C9006FE60D /* Base */ = {isa = PBXFileReference; lastKnownFileType = file.storyboard; name = Base; path = Base.lproj/Main.storyboard; sourceTree = "<group>"; };
		9CCD08AA1B14E4C9006FE60D /* Images.xcassets */ = {isa = PBXFileReference; lastKnownFileType = folder.assetcatalog; path = Images.xcassets; sourceTree = "<group>"; };
		9CCD08AD1B14E4C9006FE60D /* Base */ = {isa = PBXFileReference; lastKnownFileType = file.xib; name = Base; path = Base.lproj/LaunchScreen.xib; sourceTree = "<group>"; };
		9CCD08B31B14E4C9006FE60D /* CarlyTests.xctest */ = {isa = PBXFileReference; explicitFileType = wrapper.cfbundle; includeInIndex = 0; path = CarlyTests.xctest; sourceTree = BUILT_PRODUCTS_DIR; };
		9CCD08B81B14E4C9006FE60D /* Info.plist */ = {isa = PBXFileReference; lastKnownFileType = text.plist.xml; path = Info.plist; sourceTree = "<group>"; };
		9CCD08B91B14E4C9006FE60D /* CarlyTests.swift */ = {isa = PBXFileReference; lastKnownFileType = sourcecode.swift; path = CarlyTests.swift; sourceTree = "<group>"; };
		9CCD08C61B14EC48006FE60D /* MainViewController.swift */ = {isa = PBXFileReference; fileEncoding = 4; lastKnownFileType = sourcecode.swift; name = MainViewController.swift; path = ../MainViewController.swift; sourceTree = "<group>"; };
		9CCD08C71B14EC48006FE60D /* Settings.swift */ = {isa = PBXFileReference; fileEncoding = 4; lastKnownFileType = sourcecode.swift; name = Settings.swift; path = ../Settings.swift; sourceTree = "<group>"; };
		9CCD08C81B14EC48006FE60D /* SignupViewController.swift */ = {isa = PBXFileReference; fileEncoding = 4; lastKnownFileType = sourcecode.swift; name = SignupViewController.swift; path = ../SignupViewController.swift; sourceTree = "<group>"; };
		9CCD08C91B14EC48006FE60D /* Users.swift */ = {isa = PBXFileReference; fileEncoding = 4; lastKnownFileType = sourcecode.swift; name = Users.swift; path = ../Users.swift; sourceTree = "<group>"; };
		9CCD08CA1B14EC48006FE60D /* UsersAPI.swift */ = {isa = PBXFileReference; fileEncoding = 4; lastKnownFileType = sourcecode.swift; name = UsersAPI.swift; path = ../UsersAPI.swift; sourceTree = "<group>"; };
		9CCD08CB1B14EC48006FE60D /* welcome00.png */ = {isa = PBXFileReference; lastKnownFileType = image.png; path = welcome00.png; sourceTree = "<group>"; };
		9CCD08CC1B14EC48006FE60D /* welcome01.png */ = {isa = PBXFileReference; lastKnownFileType = image.png; path = welcome01.png; sourceTree = "<group>"; };
		9CCD08CD1B14EC48006FE60D /* welcome02.png */ = {isa = PBXFileReference; lastKnownFileType = image.png; path = welcome02.png; sourceTree = "<group>"; };
		9CCD08CE1B14EC48006FE60D /* welcome03.png */ = {isa = PBXFileReference; lastKnownFileType = image.png; path = welcome03.png; sourceTree = "<group>"; };
		9CCD08CF1B14EC48006FE60D /* welcome04.png */ = {isa = PBXFileReference; lastKnownFileType = image.png; path = welcome04.png; sourceTree = "<group>"; };
		9CCD08D01B14EC48006FE60D /* WelcomeViewController.swift */ = {isa = PBXFileReference; fileEncoding = 4; lastKnownFileType = sourcecode.swift; name = WelcomeViewController.swift; path = ../WelcomeViewController.swift; sourceTree = "<group>"; };
		9CCD08DD1B14ED18006FE60D /* carly_splash.png */ = {isa = PBXFileReference; lastKnownFileType = image.png; path = carly_splash.png; sourceTree = "<group>"; };
		9CCD08DE1B14ED18006FE60D /* carly_title.png */ = {isa = PBXFileReference; lastKnownFileType = image.png; path = carly_title.png; sourceTree = "<group>"; };
		9CCD08DF1B14ED18006FE60D /* CarlySegues.swift */ = {isa = PBXFileReference; fileEncoding = 4; lastKnownFileType = sourcecode.swift; path = CarlySegues.swift; sourceTree = SOURCE_ROOT; };
		9CCD08E01B14ED18006FE60D /* ContentViewController.swift */ = {isa = PBXFileReference; fileEncoding = 4; lastKnownFileType = sourcecode.swift; name = ContentViewController.swift; path = ../ContentViewController.swift; sourceTree = "<group>"; };
		9CCD08E11B14ED18006FE60D /* CoreDataStack.swift */ = {isa = PBXFileReference; fileEncoding = 4; lastKnownFileType = sourcecode.swift; name = CoreDataStack.swift; path = ../CoreDataStack.swift; sourceTree = "<group>"; };
		9CCD08E21B14ED18006FE60D /* gradient_whitebottom.png */ = {isa = PBXFileReference; lastKnownFileType = image.png; path = gradient_whitebottom.png; sourceTree = "<group>"; };
		9CCD08E31B14ED18006FE60D /* LoginViewController.swift */ = {isa = PBXFileReference; fileEncoding = 4; lastKnownFileType = sourcecode.swift; name = LoginViewController.swift; path = ../LoginViewController.swift; sourceTree = "<group>"; };
		9CCD08EF1B14F1FB006FE60D /* carly-icon_29.png */ = {isa = PBXFileReference; lastKnownFileType = image.png; name = "carly-icon_29.png"; path = "App Icons/carly-icon_29.png"; sourceTree = "<group>"; };
		9CCD08F01B14F1FB006FE60D /* carly-icon_40.png */ = {isa = PBXFileReference; lastKnownFileType = image.png; name = "carly-icon_40.png"; path = "App Icons/carly-icon_40.png"; sourceTree = "<group>"; };
		9CCD08F11B14F1FB006FE60D /* carly-icon_58-1.png */ = {isa = PBXFileReference; lastKnownFileType = image.png; name = "carly-icon_58-1.png"; path = "App Icons/carly-icon_58-1.png"; sourceTree = "<group>"; };
		9CCD08F21B14F1FB006FE60D /* carly-icon_58.png */ = {isa = PBXFileReference; lastKnownFileType = image.png; name = "carly-icon_58.png"; path = "App Icons/carly-icon_58.png"; sourceTree = "<group>"; };
		9CCD08F31B14F1FB006FE60D /* carly-icon_76.png */ = {isa = PBXFileReference; lastKnownFileType = image.png; name = "carly-icon_76.png"; path = "App Icons/carly-icon_76.png"; sourceTree = "<group>"; };
		9CCD08F41B14F1FB006FE60D /* carly-icon_80-1.png */ = {isa = PBXFileReference; lastKnownFileType = image.png; name = "carly-icon_80-1.png"; path = "App Icons/carly-icon_80-1.png"; sourceTree = "<group>"; };
		9CCD08F51B14F1FB006FE60D /* carly-icon_80.png */ = {isa = PBXFileReference; lastKnownFileType = image.png; name = "carly-icon_80.png"; path = "App Icons/carly-icon_80.png"; sourceTree = "<group>"; };
		9CCD08F61B14F1FB006FE60D /* carly-icon_87.png */ = {isa = PBXFileReference; lastKnownFileType = image.png; name = "carly-icon_87.png"; path = "App Icons/carly-icon_87.png"; sourceTree = "<group>"; };
		9CCD08F71B14F1FB006FE60D /* carly-icon_120-1.png */ = {isa = PBXFileReference; lastKnownFileType = image.png; name = "carly-icon_120-1.png"; path = "App Icons/carly-icon_120-1.png"; sourceTree = "<group>"; };
		9CCD08F81B14F1FB006FE60D /* carly-icon_120.png */ = {isa = PBXFileReference; lastKnownFileType = image.png; name = "carly-icon_120.png"; path = "App Icons/carly-icon_120.png"; sourceTree = "<group>"; };
		9CCD08F91B14F1FB006FE60D /* carly-icon_152.png */ = {isa = PBXFileReference; lastKnownFileType = image.png; name = "carly-icon_152.png"; path = "App Icons/carly-icon_152.png"; sourceTree = "<group>"; };
		9CCD08FA1B14F1FB006FE60D /* carly-icon_180.png */ = {isa = PBXFileReference; lastKnownFileType = image.png; name = "carly-icon_180.png"; path = "App Icons/carly-icon_180.png"; sourceTree = "<group>"; };
/* End PBXFileReference section */

/* Begin PBXFrameworksBuildPhase section */
		9CCD08961B14E4C9006FE60D /* Frameworks */ = {
			isa = PBXFrameworksBuildPhase;
			buildActionMask = 2147483647;
			files = (
			);
			runOnlyForDeploymentPostprocessing = 0;
		};
		9CCD08B01B14E4C9006FE60D /* Frameworks */ = {
			isa = PBXFrameworksBuildPhase;
			buildActionMask = 2147483647;
			files = (
			);
			runOnlyForDeploymentPostprocessing = 0;
		};
/* End PBXFrameworksBuildPhase section */

/* Begin PBXGroup section */
		9CCD08901B14E4C9006FE60D = {
			isa = PBXGroup;
			children = (
				9CCD089B1B14E4C9006FE60D /* Carly */,
				9CCD08B61B14E4C9006FE60D /* CarlyTests */,
				9CCD089A1B14E4C9006FE60D /* Products */,
			);
			sourceTree = "<group>";
		};
		9CCD089A1B14E4C9006FE60D /* Products */ = {
			isa = PBXGroup;
			children = (
				9CCD08991B14E4C9006FE60D /* Carly.app */,
				9CCD08B31B14E4C9006FE60D /* CarlyTests.xctest */,
			);
			name = Products;
			sourceTree = "<group>";
		};
		9CCD089B1B14E4C9006FE60D /* Carly */ = {
			isa = PBXGroup;
			children = (
				9CCD08EB1B14F1B4006FE60D /* App Icons */,
				9CCD08C51B14E589006FE60D /* CONTROLLER */,
				9CCD08C41B14E55B006FE60D /* MODEL */,
				9CCD08C31B14E545006FE60D /* VIEW */,
				9CCD089E1B14E4C9006FE60D /* AppDelegate.swift */,
				9CCD08DC1B14EC5A006FE60D /* Images */,
				9CCD08AA1B14E4C9006FE60D /* Images.xcassets */,
				9CCD089C1B14E4C9006FE60D /* Supporting Files */,
			);
			path = Carly;
			sourceTree = "<group>";
		};
		9CCD089C1B14E4C9006FE60D /* Supporting Files */ = {
			isa = PBXGroup;
			children = (
				9CCD089D1B14E4C9006FE60D /* Info.plist */,
			);
			name = "Supporting Files";
			sourceTree = "<group>";
		};
		9CCD08B61B14E4C9006FE60D /* CarlyTests */ = {
			isa = PBXGroup;
			children = (
				9CCD08B91B14E4C9006FE60D /* CarlyTests.swift */,
				9CCD08B71B14E4C9006FE60D /* Supporting Files */,
			);
			path = CarlyTests;
			sourceTree = "<group>";
		};
		9CCD08B71B14E4C9006FE60D /* Supporting Files */ = {
			isa = PBXGroup;
			children = (
				9CCD08B81B14E4C9006FE60D /* Info.plist */,
			);
			name = "Supporting Files";
			sourceTree = "<group>";
		};
		9CCD08C31B14E545006FE60D /* VIEW */ = {
			isa = PBXGroup;
			children = (
				9CCD08A71B14E4C9006FE60D /* Main.storyboard */,
				9CCD08AC1B14E4C9006FE60D /* LaunchScreen.xib */,
			);
			name = VIEW;
			sourceTree = "<group>";
		};
		9CCD08C41B14E55B006FE60D /* MODEL */ = {
			isa = PBXGroup;
			children = (
				9CCD08A01B14E4C9006FE60D /* Carly.xcdatamodeld */,
			);
			name = MODEL;
			sourceTree = "<group>";
		};
		9CCD08C51B14E589006FE60D /* CONTROLLER */ = {
			isa = PBXGroup;
			children = (
				9CCD08DF1B14ED18006FE60D /* CarlySegues.swift */,
				9CCD08E01B14ED18006FE60D /* ContentViewController.swift */,
				9CCD08E11B14ED18006FE60D /* CoreDataStack.swift */,
				9CCD08E31B14ED18006FE60D /* LoginViewController.swift */,
				9CCD08C61B14EC48006FE60D /* MainViewController.swift */,
				9CCD08C71B14EC48006FE60D /* Settings.swift */,
				9CCD08C81B14EC48006FE60D /* SignupViewController.swift */,
				9CCD08C91B14EC48006FE60D /* Users.swift */,
				9CCD08CA1B14EC48006FE60D /* UsersAPI.swift */,
				9CCD08D01B14EC48006FE60D /* WelcomeViewController.swift */,
			);
			name = CONTROLLER;
			sourceTree = "<group>";
		};
		9CCD08DC1B14EC5A006FE60D /* Images */ = {
			isa = PBXGroup;
			children = (
				9CCD08DD1B14ED18006FE60D /* carly_splash.png */,
				9CCD08DE1B14ED18006FE60D /* carly_title.png */,
				9CCD08E21B14ED18006FE60D /* gradient_whitebottom.png */,
				9CCD08CB1B14EC48006FE60D /* welcome00.png */,
				9CCD08CC1B14EC48006FE60D /* welcome01.png */,
				9CCD08CD1B14EC48006FE60D /* welcome02.png */,
				9CCD08CE1B14EC48006FE60D /* welcome03.png */,
				9CCD08CF1B14EC48006FE60D /* welcome04.png */,
			);
			name = Images;
			path = ..;
			sourceTree = "<group>";
		};
		9CCD08EB1B14F1B4006FE60D /* App Icons */ = {
			isa = PBXGroup;
			children = (
				9CCD08EF1B14F1FB006FE60D /* carly-icon_29.png */,
				9CCD08F01B14F1FB006FE60D /* carly-icon_40.png */,
				9CCD08F11B14F1FB006FE60D /* carly-icon_58-1.png */,
				9CCD08F21B14F1FB006FE60D /* carly-icon_58.png */,
				9CCD08F31B14F1FB006FE60D /* carly-icon_76.png */,
				9CCD08F41B14F1FB006FE60D /* carly-icon_80-1.png */,
				9CCD08F51B14F1FB006FE60D /* carly-icon_80.png */,
				9CCD08F61B14F1FB006FE60D /* carly-icon_87.png */,
				9CCD08F71B14F1FB006FE60D /* carly-icon_120-1.png */,
				9CCD08F81B14F1FB006FE60D /* carly-icon_120.png */,
				9CCD08F91B14F1FB006FE60D /* carly-icon_152.png */,
				9CCD08FA1B14F1FB006FE60D /* carly-icon_180.png */,
			);
			name = "App Icons";
			sourceTree = "<group>";
		};
/* End PBXGroup section */

/* Begin PBXNativeTarget section */
		9CCD08981B14E4C9006FE60D /* Carly */ = {
			isa = PBXNativeTarget;
			buildConfigurationList = 9CCD08BD1B14E4C9006FE60D /* Build configuration list for PBXNativeTarget "Carly" */;
			buildPhases = (
				9CCD08951B14E4C9006FE60D /* Sources */,
				9CCD08961B14E4C9006FE60D /* Frameworks */,
				9CCD08971B14E4C9006FE60D /* Resources */,
			);
			buildRules = (
			);
			dependencies = (
			);
			name = Carly;
			productName = Carly;
			productReference = 9CCD08991B14E4C9006FE60D /* Carly.app */;
			productType = "com.apple.product-type.application";
		};
		9CCD08B21B14E4C9006FE60D /* CarlyTests */ = {
			isa = PBXNativeTarget;
			buildConfigurationList = 9CCD08C01B14E4C9006FE60D /* Build configuration list for PBXNativeTarget "CarlyTests" */;
			buildPhases = (
				9CCD08AF1B14E4C9006FE60D /* Sources */,
				9CCD08B01B14E4C9006FE60D /* Frameworks */,
				9CCD08B11B14E4C9006FE60D /* Resources */,
			);
			buildRules = (
			);
			dependencies = (
				9CCD08B51B14E4C9006FE60D /* PBXTargetDependency */,
			);
			name = CarlyTests;
			productName = CarlyTests;
			productReference = 9CCD08B31B14E4C9006FE60D /* CarlyTests.xctest */;
			productType = "com.apple.product-type.bundle.unit-test";
		};
/* End PBXNativeTarget section */

/* Begin PBXProject section */
		9CCD08911B14E4C9006FE60D /* Project object */ = {
			isa = PBXProject;
			attributes = {
				LastUpgradeCheck = 0630;
				ORGANIZATIONNAME = Harish;
				TargetAttributes = {
					9CCD08981B14E4C9006FE60D = {
						CreatedOnToolsVersion = 6.3;
					};
					9CCD08B21B14E4C9006FE60D = {
						CreatedOnToolsVersion = 6.3;
						TestTargetID = 9CCD08981B14E4C9006FE60D;
					};
				};
			};
			buildConfigurationList = 9CCD08941B14E4C9006FE60D /* Build configuration list for PBXProject "Carly" */;
			compatibilityVersion = "Xcode 3.2";
			developmentRegion = English;
			hasScannedForEncodings = 0;
			knownRegions = (
				en,
				Base,
			);
			mainGroup = 9CCD08901B14E4C9006FE60D;
			productRefGroup = 9CCD089A1B14E4C9006FE60D /* Products */;
			projectDirPath = "";
			projectRoot = "";
			targets = (
				9CCD08981B14E4C9006FE60D /* Carly */,
				9CCD08B21B14E4C9006FE60D /* CarlyTests */,
			);
		};
/* End PBXProject section */

/* Begin PBXResourcesBuildPhase section */
		9CCD08971B14E4C9006FE60D /* Resources */ = {
			isa = PBXResourcesBuildPhase;
			buildActionMask = 2147483647;
			files = (
				9CCD08E51B14ED18006FE60D /* carly_title.png in Resources */,
				9CCD08FF1B14F1FB006FE60D /* carly-icon_76.png in Resources */,
				9CCD09041B14F1FB006FE60D /* carly-icon_120.png in Resources */,
				9CCD08FE1B14F1FB006FE60D /* carly-icon_58.png in Resources */,
				9CCD09021B14F1FB006FE60D /* carly-icon_87.png in Resources */,
				9CCD08E41B14ED18006FE60D /* carly_splash.png in Resources */,
				9CCD08DA1B14EC48006FE60D /* welcome04.png in Resources */,
				9CCD08D71B14EC48006FE60D /* welcome01.png in Resources */,
				9CCD08FC1B14F1FB006FE60D /* carly-icon_40.png in Resources */,
				9CCD08D91B14EC48006FE60D /* welcome03.png in Resources */,
				9CCD08D61B14EC48006FE60D /* welcome00.png in Resources */,
				9CCD09011B14F1FB006FE60D /* carly-icon_80.png in Resources */,
				9CCD08FB1B14F1FB006FE60D /* carly-icon_29.png in Resources */,
				9CCD08FD1B14F1FB006FE60D /* carly-icon_58-1.png in Resources */,
				9CCD09031B14F1FB006FE60D /* carly-icon_120-1.png in Resources */,
				9CCD08E91B14ED18006FE60D /* gradient_whitebottom.png in Resources */,
				9CCD08D81B14EC48006FE60D /* welcome02.png in Resources */,
				9CCD08A91B14E4C9006FE60D /* Main.storyboard in Resources */,
				9CCD08AE1B14E4C9006FE60D /* LaunchScreen.xib in Resources */,
				9CCD09051B14F1FB006FE60D /* carly-icon_152.png in Resources */,
				9CCD09001B14F1FB006FE60D /* carly-icon_80-1.png in Resources */,
				9CCD09061B14F1FB006FE60D /* carly-icon_180.png in Resources */,
				9CCD08AB1B14E4C9006FE60D /* Images.xcassets in Resources */,
			);
			runOnlyForDeploymentPostprocessing = 0;
		};
		9CCD08B11B14E4C9006FE60D /* Resources */ = {
			isa = PBXResourcesBuildPhase;
			buildActionMask = 2147483647;
			files = (
			);
			runOnlyForDeploymentPostprocessing = 0;
		};
/* End PBXResourcesBuildPhase section */

/* Begin PBXSourcesBuildPhase section */
		9CCD08951B14E4C9006FE60D /* Sources */ = {
			isa = PBXSourcesBuildPhase;
			buildActionMask = 2147483647;
			files = (
				9CCD08EA1B14ED18006FE60D /* LoginViewController.swift in Sources */,
				9CCD08E71B14ED18006FE60D /* ContentViewController.swift in Sources */,
				9CCD08D11B14EC48006FE60D /* MainViewController.swift in Sources */,
				9CCD08DB1B14EC48006FE60D /* WelcomeViewController.swift in Sources */,
				9CCD089F1B14E4C9006FE60D /* AppDelegate.swift in Sources */,
				9CCD08D31B14EC48006FE60D /* SignupViewController.swift in Sources */,
				9CCD08D21B14EC48006FE60D /* Settings.swift in Sources */,
				9CCD08E81B14ED18006FE60D /* CoreDataStack.swift in Sources */,
				9CCD08E61B14ED18006FE60D /* CarlySegues.swift in Sources */,
				9CCD08D41B14EC48006FE60D /* Users.swift in Sources */,
				9CCD08A21B14E4C9006FE60D /* Carly.xcdatamodeld in Sources */,
				9CCD08D51B14EC48006FE60D /* UsersAPI.swift in Sources */,
			);
			runOnlyForDeploymentPostprocessing = 0;
		};
		9CCD08AF1B14E4C9006FE60D /* Sources */ = {
			isa = PBXSourcesBuildPhase;
			buildActionMask = 2147483647;
			files = (
				9CCD08BA1B14E4C9006FE60D /* CarlyTests.swift in Sources */,
			);
			runOnlyForDeploymentPostprocessing = 0;
		};
/* End PBXSourcesBuildPhase section */

/* Begin PBXTargetDependency section */
		9CCD08B51B14E4C9006FE60D /* PBXTargetDependency */ = {
			isa = PBXTargetDependency;
			target = 9CCD08981B14E4C9006FE60D /* Carly */;
			targetProxy = 9CCD08B41B14E4C9006FE60D /* PBXContainerItemProxy */;
		};
/* End PBXTargetDependency section */

/* Begin PBXVariantGroup section */
		9CCD08A71B14E4C9006FE60D /* Main.storyboard */ = {
			isa = PBXVariantGroup;
			children = (
				9CCD08A81B14E4C9006FE60D /* Base */,
			);
			name = Main.storyboard;
			sourceTree = "<group>";
		};
		9CCD08AC1B14E4C9006FE60D /* LaunchScreen.xib */ = {
			isa = PBXVariantGroup;
			children = (
				9CCD08AD1B14E4C9006FE60D /* Base */,
			);
			name = LaunchScreen.xib;
			sourceTree = "<group>";
		};
/* End PBXVariantGroup section */

/* Begin XCBuildConfiguration section */
		9CCD08BB1B14E4C9006FE60D /* Debug */ = {
			isa = XCBuildConfiguration;
			buildSettings = {
				ALWAYS_SEARCH_USER_PATHS = NO;
				CLANG_CXX_LANGUAGE_STANDARD = "gnu++0x";
				CLANG_CXX_LIBRARY = "libc++";
				CLANG_ENABLE_MODULES = YES;
				CLANG_ENABLE_OBJC_ARC = YES;
				CLANG_WARN_BOOL_CONVERSION = YES;
				CLANG_WARN_CONSTANT_CONVERSION = YES;
				CLANG_WARN_DIRECT_OBJC_ISA_USAGE = YES_ERROR;
				CLANG_WARN_EMPTY_BODY = YES;
				CLANG_WARN_ENUM_CONVERSION = YES;
				CLANG_WARN_INT_CONVERSION = YES;
				CLANG_WARN_OBJC_ROOT_CLASS = YES_ERROR;
				CLANG_WARN_UNREACHABLE_CODE = YES;
				CLANG_WARN__DUPLICATE_METHOD_MATCH = YES;
				"CODE_SIGN_IDENTITY[sdk=iphoneos*]" = "iPhone Developer";
				COPY_PHASE_STRIP = NO;
				DEBUG_INFORMATION_FORMAT = "dwarf-with-dsym";
				ENABLE_STRICT_OBJC_MSGSEND = YES;
				GCC_C_LANGUAGE_STANDARD = gnu99;
				GCC_DYNAMIC_NO_PIC = NO;
				GCC_NO_COMMON_BLOCKS = YES;
				GCC_OPTIMIZATION_LEVEL = 0;
				GCC_PREPROCESSOR_DEFINITIONS = (
					"DEBUG=1",
					"$(inherited)",
				);
				GCC_SYMBOLS_PRIVATE_EXTERN = NO;
				GCC_WARN_64_TO_32_BIT_CONVERSION = YES;
				GCC_WARN_ABOUT_RETURN_TYPE = YES_ERROR;
				GCC_WARN_UNDECLARED_SELECTOR = YES;
				GCC_WARN_UNINITIALIZED_AUTOS = YES_AGGRESSIVE;
				GCC_WARN_UNUSED_FUNCTION = YES;
				GCC_WARN_UNUSED_VARIABLE = YES;
				IPHONEOS_DEPLOYMENT_TARGET = 8.3;
				MTL_ENABLE_DEBUG_INFO = YES;
				ONLY_ACTIVE_ARCH = YES;
				SDKROOT = iphoneos;
				SWIFT_OPTIMIZATION_LEVEL = "-Onone";
				TARGETED_DEVICE_FAMILY = "1,2";
			};
			name = Debug;
		};
		9CCD08BC1B14E4C9006FE60D /* Release */ = {
			isa = XCBuildConfiguration;
			buildSettings = {
				ALWAYS_SEARCH_USER_PATHS = NO;
				CLANG_CXX_LANGUAGE_STANDARD = "gnu++0x";
				CLANG_CXX_LIBRARY = "libc++";
				CLANG_ENABLE_MODULES = YES;
				CLANG_ENABLE_OBJC_ARC = YES;
				CLANG_WARN_BOOL_CONVERSION = YES;
				CLANG_WARN_CONSTANT_CONVERSION = YES;
				CLANG_WARN_DIRECT_OBJC_ISA_USAGE = YES_ERROR;
				CLANG_WARN_EMPTY_BODY = YES;
				CLANG_WARN_ENUM_CONVERSION = YES;
				CLANG_WARN_INT_CONVERSION = YES;
				CLANG_WARN_OBJC_ROOT_CLASS = YES_ERROR;
				CLANG_WARN_UNREACHABLE_CODE = YES;
				CLANG_WARN__DUPLICATE_METHOD_MATCH = YES;
				"CODE_SIGN_IDENTITY[sdk=iphoneos*]" = "iPhone Developer";
				COPY_PHASE_STRIP = NO;
				DEBUG_INFORMATION_FORMAT = "dwarf-with-dsym";
				ENABLE_NS_ASSERTIONS = NO;
				ENABLE_STRICT_OBJC_MSGSEND = YES;
				GCC_C_LANGUAGE_STANDARD = gnu99;
				GCC_NO_COMMON_BLOCKS = YES;
				GCC_WARN_64_TO_32_BIT_CONVERSION = YES;
				GCC_WARN_ABOUT_RETURN_TYPE = YES_ERROR;
				GCC_WARN_UNDECLARED_SELECTOR = YES;
				GCC_WARN_UNINITIALIZED_AUTOS = YES_AGGRESSIVE;
				GCC_WARN_UNUSED_FUNCTION = YES;
				GCC_WARN_UNUSED_VARIABLE = YES;
				IPHONEOS_DEPLOYMENT_TARGET = 8.3;
				MTL_ENABLE_DEBUG_INFO = NO;
				SDKROOT = iphoneos;
				TARGETED_DEVICE_FAMILY = "1,2";
				VALIDATE_PRODUCT = YES;
			};
			name = Release;
		};
		9CCD08BE1B14E4C9006FE60D /* Debug */ = {
			isa = XCBuildConfiguration;
			buildSettings = {
				ASSETCATALOG_COMPILER_APPICON_NAME = AppIcon;
				INFOPLIST_FILE = Carly/Info.plist;
				IPHONEOS_DEPLOYMENT_TARGET = 8.3;
				LD_RUNPATH_SEARCH_PATHS = "$(inherited) @executable_path/Frameworks";
				PRODUCT_NAME = "$(TARGET_NAME)";
			};
			name = Debug;
		};
		9CCD08BF1B14E4C9006FE60D /* Release */ = {
			isa = XCBuildConfiguration;
			buildSettings = {
				ASSETCATALOG_COMPILER_APPICON_NAME = AppIcon;
				INFOPLIST_FILE = Carly/Info.plist;
				IPHONEOS_DEPLOYMENT_TARGET = 8.3;
				LD_RUNPATH_SEARCH_PATHS = "$(inherited) @executable_path/Frameworks";
				PRODUCT_NAME = "$(TARGET_NAME)";
			};
			name = Release;
		};
		9CCD08C11B14E4C9006FE60D /* Debug */ = {
			isa = XCBuildConfiguration;
			buildSettings = {
				BUNDLE_LOADER = "$(TEST_HOST)";
				FRAMEWORK_SEARCH_PATHS = (
					"$(SDKROOT)/Developer/Library/Frameworks",
					"$(inherited)",
				);
				GCC_PREPROCESSOR_DEFINITIONS = (
					"DEBUG=1",
					"$(inherited)",
				);
				INFOPLIST_FILE = CarlyTests/Info.plist;
				LD_RUNPATH_SEARCH_PATHS = "$(inherited) @executable_path/Frameworks @loader_path/Frameworks";
				PRODUCT_NAME = "$(TARGET_NAME)";
				TEST_HOST = "$(BUILT_PRODUCTS_DIR)/Carly.app/Carly";
			};
			name = Debug;
		};
		9CCD08C21B14E4C9006FE60D /* Release */ = {
			isa = XCBuildConfiguration;
			buildSettings = {
				BUNDLE_LOADER = "$(TEST_HOST)";
				FRAMEWORK_SEARCH_PATHS = (
					"$(SDKROOT)/Developer/Library/Frameworks",
					"$(inherited)",
				);
				INFOPLIST_FILE = CarlyTests/Info.plist;
				LD_RUNPATH_SEARCH_PATHS = "$(inherited) @executable_path/Frameworks @loader_path/Frameworks";
				PRODUCT_NAME = "$(TARGET_NAME)";
				TEST_HOST = "$(BUILT_PRODUCTS_DIR)/Carly.app/Carly";
			};
			name = Release;
		};
/* End XCBuildConfiguration section */

/* Begin XCConfigurationList section */
		9CCD08941B14E4C9006FE60D /* Build configuration list for PBXProject "Carly" */ = {
			isa = XCConfigurationList;
			buildConfigurations = (
				9CCD08BB1B14E4C9006FE60D /* Debug */,
				9CCD08BC1B14E4C9006FE60D /* Release */,
			);
			defaultConfigurationIsVisible = 0;
			defaultConfigurationName = Release;
		};
		9CCD08BD1B14E4C9006FE60D /* Build configuration list for PBXNativeTarget "Carly" */ = {
			isa = XCConfigurationList;
			buildConfigurations = (
				9CCD08BE1B14E4C9006FE60D /* Debug */,
				9CCD08BF1B14E4C9006FE60D /* Release */,
			);
			defaultConfigurationIsVisible = 0;
		};
		9CCD08C01B14E4C9006FE60D /* Build configuration list for PBXNativeTarget "CarlyTests" */ = {
			isa = XCConfigurationList;
			buildConfigurations = (
				9CCD08C11B14E4C9006FE60D /* Debug */,
				9CCD08C21B14E4C9006FE60D /* Release */,
			);
			defaultConfigurationIsVisible = 0;
		};
/* End XCConfigurationList section */

/* Begin XCVersionGroup section */
		9CCD08A01B14E4C9006FE60D /* Carly.xcdatamodeld */ = {
			isa = XCVersionGroup;
			children = (
				9CCD08A11B14E4C9006FE60D /* Carly.xcdatamodel */,
			);
			currentVersion = 9CCD08A11B14E4C9006FE60D /* Carly.xcdatamodel */;
			path = Carly.xcdatamodeld;
			sourceTree = "<group>";
			versionGroupType = wrapper.xcdatamodel;
		};
/* End XCVersionGroup section */
	};
	rootObject = 9CCD08911B14E4C9006FE60D /* Project object */;
}
